// !$*UTF8*$!
{
	archiveVersion = 1;
	classes = {
	};
	objectVersion = 50;
	objects = {

/* Begin PBXBuildFile section */
		F02677D32360F17800535E86 /* SwiftSimpleKit.framework in Frameworks */ = {isa = PBXBuildFile; fileRef = F02677C92360F17800535E86 /* SwiftSimpleKit.framework */; };
		F02677D82360F17800535E86 /* SwiftSimpleKitTests.swift in Sources */ = {isa = PBXBuildFile; fileRef = F02677D72360F17800535E86 /* SwiftSimpleKitTests.swift */; };
		F02677DA2360F17800535E86 /* SwiftSimpleKit.h in Headers */ = {isa = PBXBuildFile; fileRef = F02677CC2360F17800535E86 /* SwiftSimpleKit.h */; settings = {ATTRIBUTES = (Public, ); }; };
		F02677EA2360F18E00535E86 /* AppDelegate.swift in Sources */ = {isa = PBXBuildFile; fileRef = F02677E92360F18E00535E86 /* AppDelegate.swift */; };
		F02677EC2360F18E00535E86 /* SceneDelegate.swift in Sources */ = {isa = PBXBuildFile; fileRef = F02677EB2360F18E00535E86 /* SceneDelegate.swift */; };
		F02677F32360F18E00535E86 /* Assets.xcassets in Resources */ = {isa = PBXBuildFile; fileRef = F02677F22360F18E00535E86 /* Assets.xcassets */; };
		F02677F62360F18E00535E86 /* LaunchScreen.storyboard in Resources */ = {isa = PBXBuildFile; fileRef = F02677F42360F18E00535E86 /* LaunchScreen.storyboard */; };
		F02678012360F18E00535E86 /* SwiftSimpleKitExamplesTests.swift in Sources */ = {isa = PBXBuildFile; fileRef = F02678002360F18E00535E86 /* SwiftSimpleKitExamplesTests.swift */; };
		F026780C2360F18E00535E86 /* SwiftSimpleKitExamplesUITests.swift in Sources */ = {isa = PBXBuildFile; fileRef = F026780B2360F18E00535E86 /* SwiftSimpleKitExamplesUITests.swift */; };
		F02678182360F23400535E86 /* Controller.swift in Sources */ = {isa = PBXBuildFile; fileRef = F02678172360F23400535E86 /* Controller.swift */; };
		F026781B2360F27600535E86 /* ControllerView.swift in Sources */ = {isa = PBXBuildFile; fileRef = F026781A2360F27600535E86 /* ControllerView.swift */; };
		F026781E2360F2F500535E86 /* SimpleListCellCompatible.swift in Sources */ = {isa = PBXBuildFile; fileRef = F026781D2360F2F500535E86 /* SimpleListCellCompatible.swift */; };
		F02678202360F37B00535E86 /* SimpleListView.swift in Sources */ = {isa = PBXBuildFile; fileRef = F026781F2360F37B00535E86 /* SimpleListView.swift */; };
		F02678222360F3AA00535E86 /* SimpleListController.swift in Sources */ = {isa = PBXBuildFile; fileRef = F02678212360F3AA00535E86 /* SimpleListController.swift */; };
		F02678242360F40200535E86 /* ExampleListController.swift in Sources */ = {isa = PBXBuildFile; fileRef = F02678232360F40200535E86 /* ExampleListController.swift */; };
		F02678262360F44600535E86 /* ExampleListCell.swift in Sources */ = {isa = PBXBuildFile; fileRef = F02678252360F44600535E86 /* ExampleListCell.swift */; };
		F02678282360F45200535E86 /* ExampleListViewModel.swift in Sources */ = {isa = PBXBuildFile; fileRef = F02678272360F45200535E86 /* ExampleListViewModel.swift */; };
/* End PBXBuildFile section */

/* Begin PBXContainerItemProxy section */
		F02677D42360F17800535E86 /* PBXContainerItemProxy */ = {
			isa = PBXContainerItemProxy;
			containerPortal = F02677C02360F17800535E86 /* Project object */;
			proxyType = 1;
			remoteGlobalIDString = F02677C82360F17800535E86;
			remoteInfo = SwiftSimpleKit;
		};
		F02677FD2360F18E00535E86 /* PBXContainerItemProxy */ = {
			isa = PBXContainerItemProxy;
			containerPortal = F02677C02360F17800535E86 /* Project object */;
			proxyType = 1;
			remoteGlobalIDString = F02677E62360F18E00535E86;
			remoteInfo = SwiftSimpleKitExamples;
		};
		F02678082360F18E00535E86 /* PBXContainerItemProxy */ = {
			isa = PBXContainerItemProxy;
			containerPortal = F02677C02360F17800535E86 /* Project object */;
			proxyType = 1;
			remoteGlobalIDString = F02677E62360F18E00535E86;
			remoteInfo = SwiftSimpleKitExamples;
		};
/* End PBXContainerItemProxy section */

/* Begin PBXFileReference section */
		F02677C92360F17800535E86 /* SwiftSimpleKit.framework */ = {isa = PBXFileReference; explicitFileType = wrapper.framework; includeInIndex = 0; path = SwiftSimpleKit.framework; sourceTree = BUILT_PRODUCTS_DIR; };
		F02677CC2360F17800535E86 /* SwiftSimpleKit.h */ = {isa = PBXFileReference; lastKnownFileType = sourcecode.c.h; path = SwiftSimpleKit.h; sourceTree = "<group>"; };
		F02677CD2360F17800535E86 /* Info.plist */ = {isa = PBXFileReference; lastKnownFileType = text.plist.xml; path = Info.plist; sourceTree = "<group>"; };
		F02677D22360F17800535E86 /* SwiftSimpleKitTests.xctest */ = {isa = PBXFileReference; explicitFileType = wrapper.cfbundle; includeInIndex = 0; path = SwiftSimpleKitTests.xctest; sourceTree = BUILT_PRODUCTS_DIR; };
		F02677D72360F17800535E86 /* SwiftSimpleKitTests.swift */ = {isa = PBXFileReference; lastKnownFileType = sourcecode.swift; path = SwiftSimpleKitTests.swift; sourceTree = "<group>"; };
		F02677D92360F17800535E86 /* Info.plist */ = {isa = PBXFileReference; lastKnownFileType = text.plist.xml; path = Info.plist; sourceTree = "<group>"; };
		F02677E72360F18E00535E86 /* SwiftSimpleKitExamples.app */ = {isa = PBXFileReference; explicitFileType = wrapper.application; includeInIndex = 0; path = SwiftSimpleKitExamples.app; sourceTree = BUILT_PRODUCTS_DIR; };
		F02677E92360F18E00535E86 /* AppDelegate.swift */ = {isa = PBXFileReference; lastKnownFileType = sourcecode.swift; path = AppDelegate.swift; sourceTree = "<group>"; };
		F02677EB2360F18E00535E86 /* SceneDelegate.swift */ = {isa = PBXFileReference; lastKnownFileType = sourcecode.swift; path = SceneDelegate.swift; sourceTree = "<group>"; };
		F02677F22360F18E00535E86 /* Assets.xcassets */ = {isa = PBXFileReference; lastKnownFileType = folder.assetcatalog; path = Assets.xcassets; sourceTree = "<group>"; };
		F02677F52360F18E00535E86 /* Base */ = {isa = PBXFileReference; lastKnownFileType = file.storyboard; name = Base; path = Base.lproj/LaunchScreen.storyboard; sourceTree = "<group>"; };
		F02677F72360F18E00535E86 /* Info.plist */ = {isa = PBXFileReference; lastKnownFileType = text.plist.xml; path = Info.plist; sourceTree = "<group>"; };
		F02677FC2360F18E00535E86 /* SwiftSimpleKitExamplesTests.xctest */ = {isa = PBXFileReference; explicitFileType = wrapper.cfbundle; includeInIndex = 0; path = SwiftSimpleKitExamplesTests.xctest; sourceTree = BUILT_PRODUCTS_DIR; };
		F02678002360F18E00535E86 /* SwiftSimpleKitExamplesTests.swift */ = {isa = PBXFileReference; lastKnownFileType = sourcecode.swift; path = SwiftSimpleKitExamplesTests.swift; sourceTree = "<group>"; };
		F02678022360F18E00535E86 /* Info.plist */ = {isa = PBXFileReference; lastKnownFileType = text.plist.xml; path = Info.plist; sourceTree = "<group>"; };
		F02678072360F18E00535E86 /* SwiftSimpleKitExamplesUITests.xctest */ = {isa = PBXFileReference; explicitFileType = wrapper.cfbundle; includeInIndex = 0; path = SwiftSimpleKitExamplesUITests.xctest; sourceTree = BUILT_PRODUCTS_DIR; };
		F026780B2360F18E00535E86 /* SwiftSimpleKitExamplesUITests.swift */ = {isa = PBXFileReference; lastKnownFileType = sourcecode.swift; path = SwiftSimpleKitExamplesUITests.swift; sourceTree = "<group>"; };
		F026780D2360F18E00535E86 /* Info.plist */ = {isa = PBXFileReference; lastKnownFileType = text.plist.xml; path = Info.plist; sourceTree = "<group>"; };
		F02678172360F23400535E86 /* Controller.swift */ = {isa = PBXFileReference; lastKnownFileType = sourcecode.swift; path = Controller.swift; sourceTree = "<group>"; };
		F026781A2360F27600535E86 /* ControllerView.swift */ = {isa = PBXFileReference; lastKnownFileType = sourcecode.swift; path = ControllerView.swift; sourceTree = "<group>"; };
		F026781D2360F2F500535E86 /* SimpleListCellCompatible.swift */ = {isa = PBXFileReference; lastKnownFileType = sourcecode.swift; path = SimpleListCellCompatible.swift; sourceTree = "<group>"; };
		F026781F2360F37B00535E86 /* SimpleListView.swift */ = {isa = PBXFileReference; lastKnownFileType = sourcecode.swift; path = SimpleListView.swift; sourceTree = "<group>"; };
		F02678212360F3AA00535E86 /* SimpleListController.swift */ = {isa = PBXFileReference; lastKnownFileType = sourcecode.swift; path = SimpleListController.swift; sourceTree = "<group>"; };
		F02678232360F40200535E86 /* ExampleListController.swift */ = {isa = PBXFileReference; lastKnownFileType = sourcecode.swift; path = ExampleListController.swift; sourceTree = "<group>"; };
		F02678252360F44600535E86 /* ExampleListCell.swift */ = {isa = PBXFileReference; lastKnownFileType = sourcecode.swift; path = ExampleListCell.swift; sourceTree = "<group>"; };
		F02678272360F45200535E86 /* ExampleListViewModel.swift */ = {isa = PBXFileReference; lastKnownFileType = sourcecode.swift; path = ExampleListViewModel.swift; sourceTree = "<group>"; };
/* End PBXFileReference section */

/* Begin PBXFrameworksBuildPhase section */
		F02677C62360F17800535E86 /* Frameworks */ = {
			isa = PBXFrameworksBuildPhase;
			buildActionMask = 2147483647;
			files = (
			);
			runOnlyForDeploymentPostprocessing = 0;
		};
		F02677CF2360F17800535E86 /* Frameworks */ = {
			isa = PBXFrameworksBuildPhase;
			buildActionMask = 2147483647;
			files = (
				F02677D32360F17800535E86 /* SwiftSimpleKit.framework in Frameworks */,
			);
			runOnlyForDeploymentPostprocessing = 0;
		};
		F02677E42360F18E00535E86 /* Frameworks */ = {
			isa = PBXFrameworksBuildPhase;
			buildActionMask = 2147483647;
			files = (
			);
			runOnlyForDeploymentPostprocessing = 0;
		};
		F02677F92360F18E00535E86 /* Frameworks */ = {
			isa = PBXFrameworksBuildPhase;
			buildActionMask = 2147483647;
			files = (
			);
			runOnlyForDeploymentPostprocessing = 0;
		};
		F02678042360F18E00535E86 /* Frameworks */ = {
			isa = PBXFrameworksBuildPhase;
			buildActionMask = 2147483647;
			files = (
			);
			runOnlyForDeploymentPostprocessing = 0;
		};
/* End PBXFrameworksBuildPhase section */

/* Begin PBXGroup section */
		F02677BF2360F17800535E86 = {
			isa = PBXGroup;
			children = (
				F02677CB2360F17800535E86 /* SwiftSimpleKit */,
				F02677D62360F17800535E86 /* SwiftSimpleKitTests */,
				F02677E82360F18E00535E86 /* SwiftSimpleKitExamples */,
				F02677FF2360F18E00535E86 /* SwiftSimpleKitExamplesTests */,
				F026780A2360F18E00535E86 /* SwiftSimpleKitExamplesUITests */,
				F02677CA2360F17800535E86 /* Products */,
			);
			sourceTree = "<group>";
		};
		F02677CA2360F17800535E86 /* Products */ = {
			isa = PBXGroup;
			children = (
				F02677C92360F17800535E86 /* SwiftSimpleKit.framework */,
				F02677D22360F17800535E86 /* SwiftSimpleKitTests.xctest */,
				F02677E72360F18E00535E86 /* SwiftSimpleKitExamples.app */,
				F02677FC2360F18E00535E86 /* SwiftSimpleKitExamplesTests.xctest */,
				F02678072360F18E00535E86 /* SwiftSimpleKitExamplesUITests.xctest */,
			);
			name = Products;
			sourceTree = "<group>";
		};
		F02677CB2360F17800535E86 /* SwiftSimpleKit */ = {
			isa = PBXGroup;
			children = (
				F02677CC2360F17800535E86 /* SwiftSimpleKit.h */,
				F02678192360F24C00535E86 /* Classes */,
				F02677CD2360F17800535E86 /* Info.plist */,
			);
			path = SwiftSimpleKit;
			sourceTree = "<group>";
		};
		F02677D62360F17800535E86 /* SwiftSimpleKitTests */ = {
			isa = PBXGroup;
			children = (
				F02677D72360F17800535E86 /* SwiftSimpleKitTests.swift */,
				F02677D92360F17800535E86 /* Info.plist */,
			);
			path = SwiftSimpleKitTests;
			sourceTree = "<group>";
		};
		F02677E82360F18E00535E86 /* SwiftSimpleKitExamples */ = {
			isa = PBXGroup;
			children = (
				F02677E92360F18E00535E86 /* AppDelegate.swift */,
				F02677EB2360F18E00535E86 /* SceneDelegate.swift */,
				F02678292360F64A00535E86 /* Example */,
				F02677F22360F18E00535E86 /* Assets.xcassets */,
				F02677F42360F18E00535E86 /* LaunchScreen.storyboard */,
				F02677F72360F18E00535E86 /* Info.plist */,
			);
			path = SwiftSimpleKitExamples;
			sourceTree = "<group>";
		};
		F02677FF2360F18E00535E86 /* SwiftSimpleKitExamplesTests */ = {
			isa = PBXGroup;
			children = (
				F02678002360F18E00535E86 /* SwiftSimpleKitExamplesTests.swift */,
				F02678022360F18E00535E86 /* Info.plist */,
			);
			path = SwiftSimpleKitExamplesTests;
			sourceTree = "<group>";
		};
		F026780A2360F18E00535E86 /* SwiftSimpleKitExamplesUITests */ = {
			isa = PBXGroup;
			children = (
				F026780B2360F18E00535E86 /* SwiftSimpleKitExamplesUITests.swift */,
				F026780D2360F18E00535E86 /* Info.plist */,
			);
			path = SwiftSimpleKitExamplesUITests;
			sourceTree = "<group>";
		};
		F02678192360F24C00535E86 /* Classes */ = {
			isa = PBXGroup;
			children = (
				F026781A2360F27600535E86 /* ControllerView.swift */,
				F02678172360F23400535E86 /* Controller.swift */,
				F026781C2360F2BB00535E86 /* SimpleList */,
			);
			path = Classes;
			sourceTree = "<group>";
		};
		F026781C2360F2BB00535E86 /* SimpleList */ = {
			isa = PBXGroup;
			children = (
				F026781D2360F2F500535E86 /* SimpleListCellCompatible.swift */,
				F026781F2360F37B00535E86 /* SimpleListView.swift */,
				F02678212360F3AA00535E86 /* SimpleListController.swift */,
			);
			path = SimpleList;
			sourceTree = "<group>";
		};
		F02678292360F64A00535E86 /* Example */ = {
			isa = PBXGroup;
			children = (
				F02678232360F40200535E86 /* ExampleListController.swift */,
				F02678272360F45200535E86 /* ExampleListViewModel.swift */,
				F02678252360F44600535E86 /* ExampleListCell.swift */,
			);
			path = Example;
			sourceTree = "<group>";
		};
/* End PBXGroup section */

/* Begin PBXHeadersBuildPhase section */
		F02677C42360F17800535E86 /* Headers */ = {
			isa = PBXHeadersBuildPhase;
			buildActionMask = 2147483647;
			files = (
				F02677DA2360F17800535E86 /* SwiftSimpleKit.h in Headers */,
			);
			runOnlyForDeploymentPostprocessing = 0;
		};
/* End PBXHeadersBuildPhase section */

/* Begin PBXNativeTarget section */
		F02677C82360F17800535E86 /* SwiftSimpleKit */ = {
			isa = PBXNativeTarget;
			buildConfigurationList = F02677DD2360F17800535E86 /* Build configuration list for PBXNativeTarget "SwiftSimpleKit" */;
			buildPhases = (
				F02677C42360F17800535E86 /* Headers */,
				F02677C52360F17800535E86 /* Sources */,
				F02677C62360F17800535E86 /* Frameworks */,
				F02677C72360F17800535E86 /* Resources */,
			);
			buildRules = (
			);
			dependencies = (
			);
			name = SwiftSimpleKit;
			productName = SwiftSimpleKit;
			productReference = F02677C92360F17800535E86 /* SwiftSimpleKit.framework */;
			productType = "com.apple.product-type.framework";
		};
		F02677D12360F17800535E86 /* SwiftSimpleKitTests */ = {
			isa = PBXNativeTarget;
			buildConfigurationList = F02677E02360F17800535E86 /* Build configuration list for PBXNativeTarget "SwiftSimpleKitTests" */;
			buildPhases = (
				F02677CE2360F17800535E86 /* Sources */,
				F02677CF2360F17800535E86 /* Frameworks */,
				F02677D02360F17800535E86 /* Resources */,
			);
			buildRules = (
			);
			dependencies = (
				F02677D52360F17800535E86 /* PBXTargetDependency */,
			);
			name = SwiftSimpleKitTests;
			productName = SwiftSimpleKitTests;
			productReference = F02677D22360F17800535E86 /* SwiftSimpleKitTests.xctest */;
			productType = "com.apple.product-type.bundle.unit-test";
		};
		F02677E62360F18E00535E86 /* SwiftSimpleKitExamples */ = {
			isa = PBXNativeTarget;
			buildConfigurationList = F026780E2360F18E00535E86 /* Build configuration list for PBXNativeTarget "SwiftSimpleKitExamples" */;
			buildPhases = (
				F02677E32360F18E00535E86 /* Sources */,
				F02677E42360F18E00535E86 /* Frameworks */,
				F02677E52360F18E00535E86 /* Resources */,
			);
			buildRules = (
			);
			dependencies = (
			);
			name = SwiftSimpleKitExamples;
			productName = SwiftSimpleKitExamples;
			productReference = F02677E72360F18E00535E86 /* SwiftSimpleKitExamples.app */;
			productType = "com.apple.product-type.application";
		};
		F02677FB2360F18E00535E86 /* SwiftSimpleKitExamplesTests */ = {
			isa = PBXNativeTarget;
			buildConfigurationList = F02678112360F18E00535E86 /* Build configuration list for PBXNativeTarget "SwiftSimpleKitExamplesTests" */;
			buildPhases = (
				F02677F82360F18E00535E86 /* Sources */,
				F02677F92360F18E00535E86 /* Frameworks */,
				F02677FA2360F18E00535E86 /* Resources */,
			);
			buildRules = (
			);
			dependencies = (
				F02677FE2360F18E00535E86 /* PBXTargetDependency */,
			);
			name = SwiftSimpleKitExamplesTests;
			productName = SwiftSimpleKitExamplesTests;
			productReference = F02677FC2360F18E00535E86 /* SwiftSimpleKitExamplesTests.xctest */;
			productType = "com.apple.product-type.bundle.unit-test";
		};
		F02678062360F18E00535E86 /* SwiftSimpleKitExamplesUITests */ = {
			isa = PBXNativeTarget;
			buildConfigurationList = F02678142360F18E00535E86 /* Build configuration list for PBXNativeTarget "SwiftSimpleKitExamplesUITests" */;
			buildPhases = (
				F02678032360F18E00535E86 /* Sources */,
				F02678042360F18E00535E86 /* Frameworks */,
				F02678052360F18E00535E86 /* Resources */,
			);
			buildRules = (
			);
			dependencies = (
				F02678092360F18E00535E86 /* PBXTargetDependency */,
			);
			name = SwiftSimpleKitExamplesUITests;
			productName = SwiftSimpleKitExamplesUITests;
			productReference = F02678072360F18E00535E86 /* SwiftSimpleKitExamplesUITests.xctest */;
			productType = "com.apple.product-type.bundle.ui-testing";
		};
/* End PBXNativeTarget section */

/* Begin PBXProject section */
		F02677C02360F17800535E86 /* Project object */ = {
			isa = PBXProject;
			attributes = {
				LastSwiftUpdateCheck = 1110;
				LastUpgradeCheck = 1110;
				ORGANIZATIONNAME = "Jonah Pelfrey";
				TargetAttributes = {
					F02677C82360F17800535E86 = {
						CreatedOnToolsVersion = 11.1;
						LastSwiftMigration = 1110;
					};
					F02677D12360F17800535E86 = {
						CreatedOnToolsVersion = 11.1;
					};
					F02677E62360F18E00535E86 = {
						CreatedOnToolsVersion = 11.1;
					};
					F02677FB2360F18E00535E86 = {
						CreatedOnToolsVersion = 11.1;
						TestTargetID = F02677E62360F18E00535E86;
					};
					F02678062360F18E00535E86 = {
						CreatedOnToolsVersion = 11.1;
						TestTargetID = F02677E62360F18E00535E86;
					};
				};
			};
			buildConfigurationList = F02677C32360F17800535E86 /* Build configuration list for PBXProject "SwiftSimpleKit" */;
			compatibilityVersion = "Xcode 9.3";
			developmentRegion = en;
			hasScannedForEncodings = 0;
			knownRegions = (
				en,
				Base,
			);
			mainGroup = F02677BF2360F17800535E86;
			productRefGroup = F02677CA2360F17800535E86 /* Products */;
			projectDirPath = "";
			projectRoot = "";
			targets = (
				F02677C82360F17800535E86 /* SwiftSimpleKit */,
				F02677D12360F17800535E86 /* SwiftSimpleKitTests */,
				F02677E62360F18E00535E86 /* SwiftSimpleKitExamples */,
				F02677FB2360F18E00535E86 /* SwiftSimpleKitExamplesTests */,
				F02678062360F18E00535E86 /* SwiftSimpleKitExamplesUITests */,
			);
		};
/* End PBXProject section */

/* Begin PBXResourcesBuildPhase section */
		F02677C72360F17800535E86 /* Resources */ = {
			isa = PBXResourcesBuildPhase;
			buildActionMask = 2147483647;
			files = (
			);
			runOnlyForDeploymentPostprocessing = 0;
		};
		F02677D02360F17800535E86 /* Resources */ = {
			isa = PBXResourcesBuildPhase;
			buildActionMask = 2147483647;
			files = (
			);
			runOnlyForDeploymentPostprocessing = 0;
		};
		F02677E52360F18E00535E86 /* Resources */ = {
			isa = PBXResourcesBuildPhase;
			buildActionMask = 2147483647;
			files = (
				F02677F62360F18E00535E86 /* LaunchScreen.storyboard in Resources */,
				F02677F32360F18E00535E86 /* Assets.xcassets in Resources */,
			);
			runOnlyForDeploymentPostprocessing = 0;
		};
		F02677FA2360F18E00535E86 /* Resources */ = {
			isa = PBXResourcesBuildPhase;
			buildActionMask = 2147483647;
			files = (
			);
			runOnlyForDeploymentPostprocessing = 0;
		};
		F02678052360F18E00535E86 /* Resources */ = {
			isa = PBXResourcesBuildPhase;
			buildActionMask = 2147483647;
			files = (
			);
			runOnlyForDeploymentPostprocessing = 0;
		};
/* End PBXResourcesBuildPhase section */

/* Begin PBXSourcesBuildPhase section */
		F02677C52360F17800535E86 /* Sources */ = {
			isa = PBXSourcesBuildPhase;
			buildActionMask = 2147483647;
			files = (
				F02678202360F37B00535E86 /* SimpleListView.swift in Sources */,
				F026781B2360F27600535E86 /* ControllerView.swift in Sources */,
				F02678222360F3AA00535E86 /* SimpleListController.swift in Sources */,
				F026781E2360F2F500535E86 /* SimpleListCellCompatible.swift in Sources */,
				F02678182360F23400535E86 /* Controller.swift in Sources */,
			);
			runOnlyForDeploymentPostprocessing = 0;
		};
		F02677CE2360F17800535E86 /* Sources */ = {
			isa = PBXSourcesBuildPhase;
			buildActionMask = 2147483647;
			files = (
				F02677D82360F17800535E86 /* SwiftSimpleKitTests.swift in Sources */,
			);
			runOnlyForDeploymentPostprocessing = 0;
		};
		F02677E32360F18E00535E86 /* Sources */ = {
			isa = PBXSourcesBuildPhase;
			buildActionMask = 2147483647;
			files = (
				F02678282360F45200535E86 /* ExampleListViewModel.swift in Sources */,
				F02678262360F44600535E86 /* ExampleListCell.swift in Sources */,
				F02677EA2360F18E00535E86 /* AppDelegate.swift in Sources */,
				F02678242360F40200535E86 /* ExampleListController.swift in Sources */,
				F02677EC2360F18E00535E86 /* SceneDelegate.swift in Sources */,
			);
			runOnlyForDeploymentPostprocessing = 0;
		};
		F02677F82360F18E00535E86 /* Sources */ = {
			isa = PBXSourcesBuildPhase;
			buildActionMask = 2147483647;
			files = (
				F02678012360F18E00535E86 /* SwiftSimpleKitExamplesTests.swift in Sources */,
			);
			runOnlyForDeploymentPostprocessing = 0;
		};
		F02678032360F18E00535E86 /* Sources */ = {
			isa = PBXSourcesBuildPhase;
			buildActionMask = 2147483647;
			files = (
				F026780C2360F18E00535E86 /* SwiftSimpleKitExamplesUITests.swift in Sources */,
			);
			runOnlyForDeploymentPostprocessing = 0;
		};
/* End PBXSourcesBuildPhase section */

/* Begin PBXTargetDependency section */
		F02677D52360F17800535E86 /* PBXTargetDependency */ = {
			isa = PBXTargetDependency;
			target = F02677C82360F17800535E86 /* SwiftSimpleKit */;
			targetProxy = F02677D42360F17800535E86 /* PBXContainerItemProxy */;
		};
		F02677FE2360F18E00535E86 /* PBXTargetDependency */ = {
			isa = PBXTargetDependency;
			target = F02677E62360F18E00535E86 /* SwiftSimpleKitExamples */;
			targetProxy = F02677FD2360F18E00535E86 /* PBXContainerItemProxy */;
		};
		F02678092360F18E00535E86 /* PBXTargetDependency */ = {
			isa = PBXTargetDependency;
			target = F02677E62360F18E00535E86 /* SwiftSimpleKitExamples */;
			targetProxy = F02678082360F18E00535E86 /* PBXContainerItemProxy */;
		};
/* End PBXTargetDependency section */

/* Begin PBXVariantGroup section */
		F02677F42360F18E00535E86 /* LaunchScreen.storyboard */ = {
			isa = PBXVariantGroup;
			children = (
				F02677F52360F18E00535E86 /* Base */,
			);
			name = LaunchScreen.storyboard;
			sourceTree = "<group>";
		};
/* End PBXVariantGroup section */

/* Begin XCBuildConfiguration section */
		F02677DB2360F17800535E86 /* Debug */ = {
			isa = XCBuildConfiguration;
			buildSettings = {
				ALWAYS_SEARCH_USER_PATHS = NO;
				CLANG_ANALYZER_NONNULL = YES;
				CLANG_ANALYZER_NUMBER_OBJECT_CONVERSION = YES_AGGRESSIVE;
				CLANG_CXX_LANGUAGE_STANDARD = "gnu++14";
				CLANG_CXX_LIBRARY = "libc++";
				CLANG_ENABLE_MODULES = YES;
				CLANG_ENABLE_OBJC_ARC = YES;
				CLANG_ENABLE_OBJC_WEAK = YES;
				CLANG_WARN_BLOCK_CAPTURE_AUTORELEASING = YES;
				CLANG_WARN_BOOL_CONVERSION = YES;
				CLANG_WARN_COMMA = YES;
				CLANG_WARN_CONSTANT_CONVERSION = YES;
				CLANG_WARN_DEPRECATED_OBJC_IMPLEMENTATIONS = YES;
				CLANG_WARN_DIRECT_OBJC_ISA_USAGE = YES_ERROR;
				CLANG_WARN_DOCUMENTATION_COMMENTS = YES;
				CLANG_WARN_EMPTY_BODY = YES;
				CLANG_WARN_ENUM_CONVERSION = YES;
				CLANG_WARN_INFINITE_RECURSION = YES;
				CLANG_WARN_INT_CONVERSION = YES;
				CLANG_WARN_NON_LITERAL_NULL_CONVERSION = YES;
				CLANG_WARN_OBJC_IMPLICIT_RETAIN_SELF = YES;
				CLANG_WARN_OBJC_LITERAL_CONVERSION = YES;
				CLANG_WARN_OBJC_ROOT_CLASS = YES_ERROR;
				CLANG_WARN_RANGE_LOOP_ANALYSIS = YES;
				CLANG_WARN_STRICT_PROTOTYPES = YES;
				CLANG_WARN_SUSPICIOUS_MOVE = YES;
				CLANG_WARN_UNGUARDED_AVAILABILITY = YES_AGGRESSIVE;
				CLANG_WARN_UNREACHABLE_CODE = YES;
				CLANG_WARN__DUPLICATE_METHOD_MATCH = YES;
				COPY_PHASE_STRIP = NO;
				CURRENT_PROJECT_VERSION = 1;
				DEBUG_INFORMATION_FORMAT = dwarf;
				ENABLE_STRICT_OBJC_MSGSEND = YES;
				ENABLE_TESTABILITY = YES;
				GCC_C_LANGUAGE_STANDARD = gnu11;
				GCC_DYNAMIC_NO_PIC = NO;
				GCC_NO_COMMON_BLOCKS = YES;
				GCC_OPTIMIZATION_LEVEL = 0;
				GCC_PREPROCESSOR_DEFINITIONS = (
					"DEBUG=1",
					"$(inherited)",
				);
				GCC_WARN_64_TO_32_BIT_CONVERSION = YES;
				GCC_WARN_ABOUT_RETURN_TYPE = YES_ERROR;
				GCC_WARN_UNDECLARED_SELECTOR = YES;
				GCC_WARN_UNINITIALIZED_AUTOS = YES_AGGRESSIVE;
				GCC_WARN_UNUSED_FUNCTION = YES;
				GCC_WARN_UNUSED_VARIABLE = YES;
				IPHONEOS_DEPLOYMENT_TARGET = 13.1;
				MTL_ENABLE_DEBUG_INFO = INCLUDE_SOURCE;
				MTL_FAST_MATH = YES;
				ONLY_ACTIVE_ARCH = YES;
				SDKROOT = iphoneos;
				SWIFT_ACTIVE_COMPILATION_CONDITIONS = DEBUG;
				SWIFT_OPTIMIZATION_LEVEL = "-Onone";
				VERSIONING_SYSTEM = "apple-generic";
				VERSION_INFO_PREFIX = "";
			};
			name = Debug;
		};
		F02677DC2360F17800535E86 /* Release */ = {
			isa = XCBuildConfiguration;
			buildSettings = {
				ALWAYS_SEARCH_USER_PATHS = NO;
				CLANG_ANALYZER_NONNULL = YES;
				CLANG_ANALYZER_NUMBER_OBJECT_CONVERSION = YES_AGGRESSIVE;
				CLANG_CXX_LANGUAGE_STANDARD = "gnu++14";
				CLANG_CXX_LIBRARY = "libc++";
				CLANG_ENABLE_MODULES = YES;
				CLANG_ENABLE_OBJC_ARC = YES;
				CLANG_ENABLE_OBJC_WEAK = YES;
				CLANG_WARN_BLOCK_CAPTURE_AUTORELEASING = YES;
				CLANG_WARN_BOOL_CONVERSION = YES;
				CLANG_WARN_COMMA = YES;
				CLANG_WARN_CONSTANT_CONVERSION = YES;
				CLANG_WARN_DEPRECATED_OBJC_IMPLEMENTATIONS = YES;
				CLANG_WARN_DIRECT_OBJC_ISA_USAGE = YES_ERROR;
				CLANG_WARN_DOCUMENTATION_COMMENTS = YES;
				CLANG_WARN_EMPTY_BODY = YES;
				CLANG_WARN_ENUM_CONVERSION = YES;
				CLANG_WARN_INFINITE_RECURSION = YES;
				CLANG_WARN_INT_CONVERSION = YES;
				CLANG_WARN_NON_LITERAL_NULL_CONVERSION = YES;
				CLANG_WARN_OBJC_IMPLICIT_RETAIN_SELF = YES;
				CLANG_WARN_OBJC_LITERAL_CONVERSION = YES;
				CLANG_WARN_OBJC_ROOT_CLASS = YES_ERROR;
				CLANG_WARN_RANGE_LOOP_ANALYSIS = YES;
				CLANG_WARN_STRICT_PROTOTYPES = YES;
				CLANG_WARN_SUSPICIOUS_MOVE = YES;
				CLANG_WARN_UNGUARDED_AVAILABILITY = YES_AGGRESSIVE;
				CLANG_WARN_UNREACHABLE_CODE = YES;
				CLANG_WARN__DUPLICATE_METHOD_MATCH = YES;
				COPY_PHASE_STRIP = NO;
				CURRENT_PROJECT_VERSION = 1;
				DEBUG_INFORMATION_FORMAT = "dwarf-with-dsym";
				ENABLE_NS_ASSERTIONS = NO;
				ENABLE_STRICT_OBJC_MSGSEND = YES;
				GCC_C_LANGUAGE_STANDARD = gnu11;
				GCC_NO_COMMON_BLOCKS = YES;
				GCC_WARN_64_TO_32_BIT_CONVERSION = YES;
				GCC_WARN_ABOUT_RETURN_TYPE = YES_ERROR;
				GCC_WARN_UNDECLARED_SELECTOR = YES;
				GCC_WARN_UNINITIALIZED_AUTOS = YES_AGGRESSIVE;
				GCC_WARN_UNUSED_FUNCTION = YES;
				GCC_WARN_UNUSED_VARIABLE = YES;
				IPHONEOS_DEPLOYMENT_TARGET = 13.1;
				MTL_ENABLE_DEBUG_INFO = NO;
				MTL_FAST_MATH = YES;
				SDKROOT = iphoneos;
				SWIFT_COMPILATION_MODE = wholemodule;
				SWIFT_OPTIMIZATION_LEVEL = "-O";
				VALIDATE_PRODUCT = YES;
				VERSIONING_SYSTEM = "apple-generic";
				VERSION_INFO_PREFIX = "";
			};
			name = Release;
		};
		F02677DE2360F17800535E86 /* Debug */ = {
			isa = XCBuildConfiguration;
			buildSettings = {
				CLANG_ENABLE_MODULES = YES;
				CODE_SIGN_STYLE = Automatic;
				DEFINES_MODULE = YES;
				DEVELOPMENT_TEAM = 595JN5RW9J;
				DYLIB_COMPATIBILITY_VERSION = 1;
				DYLIB_CURRENT_VERSION = 1;
				DYLIB_INSTALL_NAME_BASE = "@rpath";
				INFOPLIST_FILE = SwiftSimpleKit/Info.plist;
				INSTALL_PATH = "$(LOCAL_LIBRARY_DIR)/Frameworks";
				LD_RUNPATH_SEARCH_PATHS = (
					"$(inherited)",
					"@executable_path/Frameworks",
					"@loader_path/Frameworks",
				);
				PRODUCT_BUNDLE_IDENTIFIER = com.pelfrey.jonah.SwiftSimpleKit;
				PRODUCT_NAME = "$(TARGET_NAME:c99extidentifier)";
				SKIP_INSTALL = YES;
				SWIFT_OPTIMIZATION_LEVEL = "-Onone";
				SWIFT_VERSION = 5.0;
				TARGETED_DEVICE_FAMILY = "1,2";
			};
			name = Debug;
		};
		F02677DF2360F17800535E86 /* Release */ = {
			isa = XCBuildConfiguration;
			buildSettings = {
				CLANG_ENABLE_MODULES = YES;
				CODE_SIGN_STYLE = Automatic;
				DEFINES_MODULE = YES;
				DEVELOPMENT_TEAM = 595JN5RW9J;
				DYLIB_COMPATIBILITY_VERSION = 1;
				DYLIB_CURRENT_VERSION = 1;
				DYLIB_INSTALL_NAME_BASE = "@rpath";
				INFOPLIST_FILE = SwiftSimpleKit/Info.plist;
				INSTALL_PATH = "$(LOCAL_LIBRARY_DIR)/Frameworks";
				LD_RUNPATH_SEARCH_PATHS = (
					"$(inherited)",
					"@executable_path/Frameworks",
					"@loader_path/Frameworks",
				);
				PRODUCT_BUNDLE_IDENTIFIER = com.pelfrey.jonah.SwiftSimpleKit;
				PRODUCT_NAME = "$(TARGET_NAME:c99extidentifier)";
				SKIP_INSTALL = YES;
				SWIFT_VERSION = 5.0;
				TARGETED_DEVICE_FAMILY = "1,2";
			};
			name = Release;
		};
		F02677E12360F17800535E86 /* Debug */ = {
			isa = XCBuildConfiguration;
			buildSettings = {
				ALWAYS_EMBED_SWIFT_STANDARD_LIBRARIES = YES;
				CODE_SIGN_STYLE = Automatic;
				DEVELOPMENT_TEAM = 595JN5RW9J;
				INFOPLIST_FILE = SwiftSimpleKitTests/Info.plist;
				LD_RUNPATH_SEARCH_PATHS = (
					"$(inherited)",
					"@executable_path/Frameworks",
					"@loader_path/Frameworks",
				);
				PRODUCT_BUNDLE_IDENTIFIER = com.pelfrey.jonah.SwiftSimpleKitTests;
				PRODUCT_NAME = "$(TARGET_NAME)";
				SWIFT_VERSION = 5.0;
				TARGETED_DEVICE_FAMILY = "1,2";
			};
			name = Debug;
		};
		F02677E22360F17800535E86 /* Release */ = {
			isa = XCBuildConfiguration;
			buildSettings = {
				ALWAYS_EMBED_SWIFT_STANDARD_LIBRARIES = YES;
				CODE_SIGN_STYLE = Automatic;
				DEVELOPMENT_TEAM = 595JN5RW9J;
				INFOPLIST_FILE = SwiftSimpleKitTests/Info.plist;
				LD_RUNPATH_SEARCH_PATHS = (
					"$(inherited)",
					"@executable_path/Frameworks",
					"@loader_path/Frameworks",
				);
				PRODUCT_BUNDLE_IDENTIFIER = com.pelfrey.jonah.SwiftSimpleKitTests;
				PRODUCT_NAME = "$(TARGET_NAME)";
				SWIFT_VERSION = 5.0;
				TARGETED_DEVICE_FAMILY = "1,2";
			};
			name = Release;
		};
		F026780F2360F18E00535E86 /* Debug */ = {
			isa = XCBuildConfiguration;
			buildSettings = {
				ASSETCATALOG_COMPILER_APPICON_NAME = AppIcon;
				CODE_SIGN_STYLE = Automatic;
				DEVELOPMENT_TEAM = 595JN5RW9J;
				INFOPLIST_FILE = SwiftSimpleKitExamples/Info.plist;
				LD_RUNPATH_SEARCH_PATHS = (
					"$(inherited)",
					"@executable_path/Frameworks",
				);
				PRODUCT_BUNDLE_IDENTIFIER = com.pelfrey.jonah.SwiftSimpleKitExamples;
				PRODUCT_NAME = "$(TARGET_NAME)";
				SWIFT_VERSION = 5.0;
				TARGETED_DEVICE_FAMILY = "1,2";
			};
			name = Debug;
		};
		F02678102360F18E00535E86 /* Release */ = {
			isa = XCBuildConfiguration;
			buildSettings = {
				ASSETCATALOG_COMPILER_APPICON_NAME = AppIcon;
				CODE_SIGN_STYLE = Automatic;
				DEVELOPMENT_TEAM = 595JN5RW9J;
				INFOPLIST_FILE = SwiftSimpleKitExamples/Info.plist;
				LD_RUNPATH_SEARCH_PATHS = (
					"$(inherited)",
					"@executable_path/Frameworks",
				);
				PRODUCT_BUNDLE_IDENTIFIER = com.pelfrey.jonah.SwiftSimpleKitExamples;
				PRODUCT_NAME = "$(TARGET_NAME)";
				SWIFT_VERSION = 5.0;
				TARGETED_DEVICE_FAMILY = "1,2";
			};
			name = Release;
		};
		F02678122360F18E00535E86 /* Debug */ = {
			isa = XCBuildConfiguration;
			buildSettings = {
				ALWAYS_EMBED_SWIFT_STANDARD_LIBRARIES = YES;
				BUNDLE_LOADER = "$(TEST_HOST)";
				CODE_SIGN_STYLE = Automatic;
				DEVELOPMENT_TEAM = 595JN5RW9J;
				INFOPLIST_FILE = SwiftSimpleKitExamplesTests/Info.plist;
				IPHONEOS_DEPLOYMENT_TARGET = 13.1;
				LD_RUNPATH_SEARCH_PATHS = (
					"$(inherited)",
					"@executable_path/Frameworks",
					"@loader_path/Frameworks",
				);
				PRODUCT_BUNDLE_IDENTIFIER = com.pelfrey.jonah.SwiftSimpleKitExamplesTests;
				PRODUCT_NAME = "$(TARGET_NAME)";
				SWIFT_VERSION = 5.0;
				TARGETED_DEVICE_FAMILY = "1,2";
				TEST_HOST = "$(BUILT_PRODUCTS_DIR)/SwiftSimpleKitExamples.app/SwiftSimpleKitExamples";
			};
			name = Debug;
		};
		F02678132360F18E00535E86 /* Release */ = {
			isa = XCBuildConfiguration;
			buildSettings = {
				ALWAYS_EMBED_SWIFT_STANDARD_LIBRARIES = YES;
				BUNDLE_LOADER = "$(TEST_HOST)";
				CODE_SIGN_STYLE = Automatic;
				DEVELOPMENT_TEAM = 595JN5RW9J;
				INFOPLIST_FILE = SwiftSimpleKitExamplesTests/Info.plist;
				IPHONEOS_DEPLOYMENT_TARGET = 13.1;
				LD_RUNPATH_SEARCH_PATHS = (
					"$(inherited)",
					"@executable_path/Frameworks",
					"@loader_path/Frameworks",
				);
				PRODUCT_BUNDLE_IDENTIFIER = com.pelfrey.jonah.SwiftSimpleKitExamplesTests;
				PRODUCT_NAME = "$(TARGET_NAME)";
				SWIFT_VERSION = 5.0;
				TARGETED_DEVICE_FAMILY = "1,2";
				TEST_HOST = "$(BUILT_PRODUCTS_DIR)/SwiftSimpleKitExamples.app/SwiftSimpleKitExamples";
			};
			name = Release;
		};
		F02678152360F18E00535E86 /* Debug */ = {
			isa = XCBuildConfiguration;
			buildSettings = {
				ALWAYS_EMBED_SWIFT_STANDARD_LIBRARIES = YES;
				CODE_SIGN_STYLE = Automatic;
				DEVELOPMENT_TEAM = 595JN5RW9J;
				INFOPLIST_FILE = SwiftSimpleKitExamplesUITests/Info.plist;
				LD_RUNPATH_SEARCH_PATHS = (
					"$(inherited)",
					"@executable_path/Frameworks",
					"@loader_path/Frameworks",
				);
				PRODUCT_BUNDLE_IDENTIFIER = com.pelfrey.jonah.SwiftSimpleKitExamplesUITests;
				PRODUCT_NAME = "$(TARGET_NAME)";
				SWIFT_VERSION = 5.0;
				TARGETED_DEVICE_FAMILY = "1,2";
				TEST_TARGET_NAME = SwiftSimpleKitExamples;
			};
			name = Debug;
		};
		F02678162360F18E00535E86 /* Release */ = {
			isa = XCBuildConfiguration;
			buildSettings = {
				ALWAYS_EMBED_SWIFT_STANDARD_LIBRARIES = YES;
				CODE_SIGN_STYLE = Automatic;
				DEVELOPMENT_TEAM = 595JN5RW9J;
				INFOPLIST_FILE = SwiftSimpleKitExamplesUITests/Info.plist;
				LD_RUNPATH_SEARCH_PATHS = (
					"$(inherited)",
					"@executable_path/Frameworks",
					"@loader_path/Frameworks",
				);
				PRODUCT_BUNDLE_IDENTIFIER = com.pelfrey.jonah.SwiftSimpleKitExamplesUITests;
				PRODUCT_NAME = "$(TARGET_NAME)";
				SWIFT_VERSION = 5.0;
				TARGETED_DEVICE_FAMILY = "1,2";
				TEST_TARGET_NAME = SwiftSimpleKitExamples;
			};
			name = Release;
		};
/* End XCBuildConfiguration section */

/* Begin XCConfigurationList section */
		F02677C32360F17800535E86 /* Build configuration list for PBXProject "SwiftSimpleKit" */ = {
			isa = XCConfigurationList;
			buildConfigurations = (
				F02677DB2360F17800535E86 /* Debug */,
				F02677DC2360F17800535E86 /* Release */,
			);
			defaultConfigurationIsVisible = 0;
			defaultConfigurationName = Release;
		};
		F02677DD2360F17800535E86 /* Build configuration list for PBXNativeTarget "SwiftSimpleKit" */ = {
			isa = XCConfigurationList;
			buildConfigurations = (
				F02677DE2360F17800535E86 /* Debug */,
				F02677DF2360F17800535E86 /* Release */,
			);
			defaultConfigurationIsVisible = 0;
			defaultConfigurationName = Release;
		};
		F02677E02360F17800535E86 /* Build configuration list for PBXNativeTarget "SwiftSimpleKitTests" */ = {
			isa = XCConfigurationList;
			buildConfigurations = (
				F02677E12360F17800535E86 /* Debug */,
				F02677E22360F17800535E86 /* Release */,
			);
			defaultConfigurationIsVisible = 0;
			defaultConfigurationName = Release;
		};
		F026780E2360F18E00535E86 /* Build configuration list for PBXNativeTarget "SwiftSimpleKitExamples" */ = {
			isa = XCConfigurationList;
			buildConfigurations = (
				F026780F2360F18E00535E86 /* Debug */,
				F02678102360F18E00535E86 /* Release */,
			);
			defaultConfigurationIsVisible = 0;
			defaultConfigurationName = Release;
		};
		F02678112360F18E00535E86 /* Build configuration list for PBXNativeTarget "SwiftSimpleKitExamplesTests" */ = {
			isa = XCConfigurationList;
			buildConfigurations = (
				F02678122360F18E00535E86 /* Debug */,
				F02678132360F18E00535E86 /* Release */,
			);
			defaultConfigurationIsVisible = 0;
			defaultConfigurationName = Release;
		};
		F02678142360F18E00535E86 /* Build configuration list for PBXNativeTarget "SwiftSimpleKitExamplesUITests" */ = {
			isa = XCConfigurationList;
			buildConfigurations = (
				F02678152360F18E00535E86 /* Debug */,
				F02678162360F18E00535E86 /* Release */,
			);
			defaultConfigurationIsVisible = 0;
			defaultConfigurationName = Release;
		};
/* End XCConfigurationList section */
	};
	rootObject = F02677C02360F17800535E86 /* Project object */;
}
